
Microsoft Visual Studio Solution File, Format Version 12.00
# Visual Studio Version 17
VisualStudioVersion = 17.10.35122.118
MinimumVisualStudioVersion = 10.0.40219.1
Project("{FAE04EC0-301F-11D3-BF4B-00C04F79EFBC}") = "EjercicioExcepciones", "EjercicioExcepciones.csproj", "{6C4CB959-373B-42D1-B33D-A9AE54EDD9C2}"
EndProject
Global
	GlobalSection(SolutionConfigurationPlatforms) = preSolution
		Debug|Any CPU = Debug|Any CPU
		Release|Any CPU = Release|Any CPU
	EndGlobalSection
	GlobalSection(ProjectConfigurationPlatforms) = postSolution
		{6C4CB959-373B-42D1-B33D-A9AE54EDD9C2}.Debug|Any CPU.ActiveCfg = Debug|Any CPU
		{6C4CB959-373B-42D1-B33D-A9AE54EDD9C2}.Debug|Any CPU.Build.0 = Debug|Any CPU
		{6C4CB959-373B-42D1-B33D-A9AE54EDD9C2}.Release|Any CPU.ActiveCfg = Release|Any CPU
		{6C4CB959-373B-42D1-B33D-A9AE54EDD9C2}.Release|Any CPU.Build.0 = Release|Any CPU
	EndGlobalSection
	GlobalSection(SolutionProperties) = preSolution
		HideSolutionNode = FALSE
	EndGlobalSection
	GlobalSection(ExtensibilityGlobals) = postSolution
		SolutionGuid = {6B982247-F0F3-4CFC-9693-A69855302B99}
	EndGlobalSection
EndGlobal
